
Microsoft Visual Studio Solution File, Format Version 12.00
# Visual Studio Version 17
VisualStudioVersion = 17.14.36414.22 d17.14
MinimumVisualStudioVersion = 10.0.40219.1
Project("{888888A0-9F3D-457C-B088-3A5042F75D52}") = "py_caster", "py_caster\py_caster.pyproj", "{B1883FF0-0107-447B-A18A-924EE335CB51}"
EndProject
Global
	GlobalSection(SolutionConfigurationPlatforms) = preSolution
		Debug|Any CPU = Debug|Any CPU
		Release|Any CPU = Release|Any CPU
	EndGlobalSection
	GlobalSection(ProjectConfigurationPlatforms) = postSolution
		{B1883FF0-0107-447B-A18A-924EE335CB51}.Debug|Any CPU.ActiveCfg = Debug|Any CPU
		{B1883FF0-0107-447B-A18A-924EE335CB51}.Release|Any CPU.ActiveCfg = Release|Any CPU
	EndGlobalSection
	GlobalSection(SolutionProperties) = preSolution
		HideSolutionNode = FALSE
	EndGlobalSection
	GlobalSection(ExtensibilityGlobals) = postSolution
		SolutionGuid = {97A457A8-DC2B-48DA-B765-58A1ED2C6BDB}
	EndGlobalSection
EndGlobal
